// !$*UTF8*$!
{
	archiveVersion = 1;
	classes = {
	};
	objectVersion = 46;
	objects = {

/* Begin PBXBuildFile section */
		8FD31D881C68E3DF007AEE53 /* AppDelegate.swift in Sources */ = {isa = PBXBuildFile; fileRef = 8FD31D871C68E3DF007AEE53 /* AppDelegate.swift */; };
		8FD31D8A1C68E3DF007AEE53 /* ViewController.swift in Sources */ = {isa = PBXBuildFile; fileRef = 8FD31D891C68E3DF007AEE53 /* ViewController.swift */; };
		8FD31D8D1C68E3DF007AEE53 /* Main.storyboard in Resources */ = {isa = PBXBuildFile; fileRef = 8FD31D8B1C68E3DF007AEE53 /* Main.storyboard */; };
		8FD31D8F1C68E3DF007AEE53 /* Assets.xcassets in Resources */ = {isa = PBXBuildFile; fileRef = 8FD31D8E1C68E3DF007AEE53 /* Assets.xcassets */; };
		8FD31D921C68E3DF007AEE53 /* LaunchScreen.storyboard in Resources */ = {isa = PBXBuildFile; fileRef = 8FD31D901C68E3DF007AEE53 /* LaunchScreen.storyboard */; };
/* End PBXBuildFile section */

/* Begin PBXFileReference section */
		8FD31D841C68E3DF007AEE53 /* WarTraining.app */ = {isa = PBXFileReference; explicitFileType = wrapper.application; includeInIndex = 0; path = WarTraining.app; sourceTree = BUILT_PRODUCTS_DIR; };
		8FD31D871C68E3DF007AEE53 /* AppDelegate.swift */ = {isa = PBXFileReference; lastKnownFileType = sourcecode.swift; path = AppDelegate.swift; sourceTree = "<group>"; };
		8FD31D891C68E3DF007AEE53 /* ViewController.swift */ = {isa = PBXFileReference; lastKnownFileType = sourcecode.swift; path = ViewController.swift; sourceTree = "<group>"; };
		8FD31D8C1C68E3DF007AEE53 /* Base */ = {isa = PBXFileReference; lastKnownFileType = file.storyboard; name = Base; path = Base.lproj/Main.storyboard; sourceTree = "<group>"; };
		8FD31D8E1C68E3DF007AEE53 /* Assets.xcassets */ = {isa = PBXFileReference; lastKnownFileType = folder.assetcatalog; path = Assets.xcassets; sourceTree = "<group>"; };
		8FD31D911C68E3DF007AEE53 /* Base */ = {isa = PBXFileReference; lastKnownFileType = file.storyboard; name = Base; path = Base.lproj/LaunchScreen.storyboard; sourceTree = "<group>"; };
		8FD31D931C68E3DF007AEE53 /* Info.plist */ = {isa = PBXFileReference; lastKnownFileType = text.plist.xml; path = Info.plist; sourceTree = "<group>"; };
/* End PBXFileReference section */

/* Begin PBXFrameworksBuildPhase section */
		8FD31D811C68E3DF007AEE53 /* Frameworks */ = {
			isa = PBXFrameworksBuildPhase;
			buildActionMask = 2147483647;
			files = (
			);
			runOnlyForDeploymentPostprocessing = 0;
		};
/* End PBXFrameworksBuildPhase section */

/* Begin PBXGroup section */
		8FD31D7B1C68E3DE007AEE53 = {
			isa = PBXGroup;
			children = (
				8FD31D861C68E3DF007AEE53 /* WarTraining */,
				8FD31D851C68E3DF007AEE53 /* Products */,
			);
			sourceTree = "<group>";
		};
		8FD31D851C68E3DF007AEE53 /* Products */ = {
			isa = PBXGroup;
			children = (
				8FD31D841C68E3DF007AEE53 /* WarTraining.app */,
			);
			name = Products;
			sourceTree = "<group>";
		};
		8FD31D861C68E3DF007AEE53 /* WarTraining */ = {
			isa = PBXGroup;
			children = (
				8FD31D871C68E3DF007AEE53 /* AppDelegate.swift */,
				8FD31D891C68E3DF007AEE53 /* ViewController.swift */,
				8FD31D8B1C68E3DF007AEE53 /* Main.storyboard */,
				8FD31D8E1C68E3DF007AEE53 /* Assets.xcassets */,
				8FD31D901C68E3DF007AEE53 /* LaunchScreen.storyboard */,
				8FD31D931C68E3DF007AEE53 /* Info.plist */,
			);
			path = WarTraining;
			sourceTree = "<group>";
		};
/* End PBXGroup section */

/* Begin PBXNativeTarget section */
		8FD31D831C68E3DF007AEE53 /* WarTraining */ = {
			isa = PBXNativeTarget;
			buildConfigurationList = 8FD31D961C68E3DF007AEE53 /* Build configuration list for PBXNativeTarget "WarTraining" */;
			buildPhases = (
				8FD31D801C68E3DF007AEE53 /* Sources */,
				8FD31D811C68E3DF007AEE53 /* Frameworks */,
				8FD31D821C68E3DF007AEE53 /* Resources */,
			);
			buildRules = (
			);
			dependencies = (
			);
			name = WarTraining;
			productName = WarTraining;
			productReference = 8FD31D841C68E3DF007AEE53 /* WarTraining.app */;
			productType = "com.apple.product-type.application";
		};
/* End PBXNativeTarget section */

/* Begin PBXProject section */
		8FD31D7C1C68E3DE007AEE53 /* Project object */ = {
			isa = PBXProject;
			attributes = {
				LastSwiftUpdateCheck = 0730;
				LastUpgradeCheck = 0730;
				ORGANIZATIONNAME = "Bastien VINH";
				TargetAttributes = {
					8FD31D831C68E3DF007AEE53 = {
						CreatedOnToolsVersion = 7.3;
					};
				};
			};
			buildConfigurationList = 8FD31D7F1C68E3DE007AEE53 /* Build configuration list for PBXProject "WarTraining" */;
			compatibilityVersion = "Xcode 3.2";
			developmentRegion = English;
			hasScannedForEncodings = 0;
			knownRegions = (
				en,
				Base,
			);
			mainGroup = 8FD31D7B1C68E3DE007AEE53;
			productRefGroup = 8FD31D851C68E3DF007AEE53 /* Products */;
			projectDirPath = "";
			projectRoot = "";
			targets = (
				8FD31D831C68E3DF007AEE53 /* WarTraining */,
			);
		};
/* End PBXProject section */

/* Begin PBXResourcesBuildPhase section */
		8FD31D821C68E3DF007AEE53 /* Resources */ = {
			isa = PBXResourcesBuildPhase;
			buildActionMask = 2147483647;
			files = (
				8FD31D921C68E3DF007AEE53 /* LaunchScreen.storyboard in Resources */,
				8FD31D8F1C68E3DF007AEE53 /* Assets.xcassets in Resources */,
				8FD31D8D1C68E3DF007AEE53 /* Main.storyboard in Resources */,
			);
			runOnlyForDeploymentPostprocessing = 0;
		};
/* End PBXResourcesBuildPhase section */

/* Begin PBXSourcesBuildPhase section */
		8FD31D801C68E3DF007AEE53 /* Sources */ = {
			isa = PBXSourcesBuildPhase;
			buildActionMask = 2147483647;
			files = (
				8FD31D8A1C68E3DF007AEE53 /* ViewController.swift in Sources */,
				8FD31D881C68E3DF007AEE53 /* AppDelegate.swift in Sources */,
			);
			runOnlyForDeploymentPostprocessing = 0;
		};
/* End PBXSourcesBuildPhase section */

/* Begin PBXVariantGroup section */
		8FD31D8B1C68E3DF007AEE53 /* Main.storyboard */ = {
			isa = PBXVariantGroup;
			children = (
				8FD31D8C1C68E3DF007AEE53 /* Base */,
			);
			name = Main.storyboard;
			sourceTree = "<group>";
		};
		8FD31D901C68E3DF007AEE53 /* LaunchScreen.storyboard */ = {
			isa = PBXVariantGroup;
			children = (
				8FD31D911C68E3DF007AEE53 /* Base */,
			);
			name = LaunchScreen.storyboard;
			sourceTree = "<group>";
		};
/* End PBXVariantGroup section */

/* Begin XCBuildConfiguration section */
		8FD31D941C68E3DF007AEE53 /* Debug */ = {
			isa = XCBuildConfiguration;
			buildSettings = {
				ALWAYS_SEARCH_USER_PATHS = NO;
				CLANG_CXX_LANGUAGE_STANDARD = "gnu++0x";
				CLANG_CXX_LIBRARY = "libc++";
				CLANG_ENABLE_MODULES = YES;
				CLANG_ENABLE_OBJC_ARC = YES;
				CLANG_WARN_BOOL_CONVERSION = YES;
				CLANG_WARN_CONSTANT_CONVERSION = YES;
				CLANG_WARN_DIRECT_OBJC_ISA_USAGE = YES_ERROR;
				CLANG_WARN_EMPTY_BODY = YES;
				CLANG_WARN_ENUM_CONVERSION = YES;
				CLANG_WARN_INT_CONVERSION = YES;
				CLANG_WARN_OBJC_ROOT_CLASS = YES_ERROR;
				CLANG_WARN_UNREACHABLE_CODE = YES;
				CLANG_WARN__DUPLICATE_METHOD_MATCH = YES;
				"CODE_SIGN_IDENTITY[sdk=iphoneos*]" = "iPhone Developer";
				COPY_PHASE_STRIP = NO;
				DEBUG_INFORMATION_FORMAT = dwarf;
				ENABLE_STRICT_OBJC_MSGSEND = YES;
				ENABLE_TESTABILITY = YES;
				GCC_C_LANGUAGE_STANDARD = gnu99;
				GCC_DYNAMIC_NO_PIC = NO;
				GCC_NO_COMMON_BLOCKS = YES;
				GCC_OPTIMIZATION_LEVEL = 0;
				GCC_PREPROCESSOR_DEFINITIONS = (
					"DEBUG=1",
					"$(inherited)",
				);
				GCC_WARN_64_TO_32_BIT_CONVERSION = YES;
				GCC_WARN_ABOUT_RETURN_TYPE = YES_ERROR;
				GCC_WARN_UNDECLARED_SELECTOR = YES;
				GCC_WARN_UNINITIALIZED_AUTOS = YES_AGGRESSIVE;
				GCC_WARN_UNUSED_FUNCTION = YES;
				GCC_WARN_UNUSED_VARIABLE = YES;
				IPHONEOS_DEPLOYMENT_TARGET = 9.3;
				MTL_ENABLE_DEBUG_INFO = YES;
				ONLY_ACTIVE_ARCH = YES;
				SDKROOT = iphoneos;
				SWIFT_OPTIMIZATION_LEVEL = "-Onone";
			};
			name = Debug;
		};
		8FD31D951C68E3DF007AEE53 /* Release */ = {
			isa = XCBuildConfiguration;
			buildSettings = {
				ALWAYS_SEARCH_USER_PATHS = NO;
				CLANG_CXX_LANGUAGE_STANDARD = "gnu++0x";
				CLANG_CXX_LIBRARY = "libc++";
				CLANG_ENABLE_MODULES = YES;
				CLANG_ENABLE_OBJC_ARC = YES;
				CLANG_WARN_BOOL_CONVERSION = YES;
				CLANG_WARN_CONSTANT_CONVERSION = YES;
				CLANG_WARN_DIRECT_OBJC_ISA_USAGE = YES_ERROR;
				CLANG_WARN_EMPTY_BODY = YES;
				CLANG_WARN_ENUM_CONVERSION = YES;
				CLANG_WARN_INT_CONVERSION = YES;
				CLANG_WARN_OBJC_ROOT_CLASS = YES_ERROR;
				CLANG_WARN_UNREACHABLE_CODE = YES;
				CLANG_WARN__DUPLICATE_METHOD_MATCH = YES;
				"CODE_SIGN_IDENTITY[sdk=iphoneos*]" = "iPhone Developer";
				COPY_PHASE_STRIP = NO;
				DEBUG_INFORMATION_FORMAT = "dwarf-with-dsym";
				ENABLE_NS_ASSERTIONS = NO;
				ENABLE_STRICT_OBJC_MSGSEND = YES;
				GCC_C_LANGUAGE_STANDARD = gnu99;
				GCC_NO_COMMON_BLOCKS = YES;
				GCC_WARN_64_TO_32_BIT_CONVERSION = YES;
				GCC_WARN_ABOUT_RETURN_TYPE = YES_ERROR;
				GCC_WARN_UNDECLARED_SELECTOR = YES;
				GCC_WARN_UNINITIALIZED_AUTOS = YES_AGGRESSIVE;
				GCC_WARN_UNUSED_FUNCTION = YES;
				GCC_WARN_UNUSED_VARIABLE = YES;
				IPHONEOS_DEPLOYMENT_TARGET = 9.3;
				MTL_ENABLE_DEBUG_INFO = NO;
				SDKROOT = iphoneos;
				VALIDATE_PRODUCT = YES;
			};
			name = Release;
		};
		8FD31D971C68E3DF007AEE53 /* Debug */ = {
			isa = XCBuildConfiguration;
			buildSettings = {
				ASSETCATALOG_COMPILER_APPICON_NAME = AppIcon;
				INFOPLIST_FILE = WarTraining/Info.plist;
				LD_RUNPATH_SEARCH_PATHS = "$(inherited) @executable_path/Frameworks";
				PRODUCT_BUNDLE_IDENTIFIER = com.strife.WarTraining;
				PRODUCT_NAME = "$(TARGET_NAME)";
			};
			name = Debug;
		};
		8FD31D981C68E3DF007AEE53 /* Release */ = {
			isa = XCBuildConfiguration;
			buildSettings = {
				ASSETCATALOG_COMPILER_APPICON_NAME = AppIcon;
				INFOPLIST_FILE = WarTraining/Info.plist;
				LD_RUNPATH_SEARCH_PATHS = "$(inherited) @executable_path/Frameworks";
				PRODUCT_BUNDLE_IDENTIFIER = com.strife.WarTraining;
				PRODUCT_NAME = "$(TARGET_NAME)";
			};
			name = Release;
		};
/* End XCBuildConfiguration section */

/* Begin XCConfigurationList section */
		8FD31D7F1C68E3DE007AEE53 /* Build configuration list for PBXProject "WarTraining" */ = {
			isa = XCConfigurationList;
			buildConfigurations = (
				8FD31D941C68E3DF007AEE53 /* Debug */,
				8FD31D951C68E3DF007AEE53 /* Release */,
			);
			defaultConfigurationIsVisible = 0;
			defaultConfigurationName = Release;
		};
		8FD31D961C68E3DF007AEE53 /* Build configuration list for PBXNativeTarget "WarTraining" */ = {
			isa = XCConfigurationList;
			buildConfigurations = (
				8FD31D971C68E3DF007AEE53 /* Debug */,
				8FD31D981C68E3DF007AEE53 /* Release */,
			);
			defaultConfigurationIsVisible = 0;
		};
/* End XCConfigurationList section */
	};
	rootObject = 8FD31D7C1C68E3DE007AEE53 /* Project object */;
}
